// !$*UTF8*$!
{
	archiveVersion = 1;
	classes = {
	};
	objectVersion = 50;
	objects = {

/* Begin PBXBuildFile section */
		BB3B3A142551CD440055817A /* AppReviewRequest.swift in Sources */ = {isa = PBXBuildFile; fileRef = BB3B3A132551CD440055817A /* AppReviewRequest.swift */; };
		BB9612C82550FC17002D76F5 /* App_ReviewApp.swift in Sources */ = {isa = PBXBuildFile; fileRef = BB9612C72550FC17002D76F5 /* App_ReviewApp.swift */; };
		BB9612CA2550FC17002D76F5 /* ContentView.swift in Sources */ = {isa = PBXBuildFile; fileRef = BB9612C92550FC17002D76F5 /* ContentView.swift */; };
		BB9612CC2550FC19002D76F5 /* Assets.xcassets in Resources */ = {isa = PBXBuildFile; fileRef = BB9612CB2550FC19002D76F5 /* Assets.xcassets */; };
		BB9612CF2550FC19002D76F5 /* Preview Assets.xcassets in Resources */ = {isa = PBXBuildFile; fileRef = BB9612CE2550FC19002D76F5 /* Preview Assets.xcassets */; };
		BB9612D82550FCE6002D76F5 /* SecondView.swift in Sources */ = {isa = PBXBuildFile; fileRef = BB9612D72550FCE6002D76F5 /* SecondView.swift */; };
		BBD9242425510DD90099BCF9 /* CustomButtonStyles.swift in Sources */ = {isa = PBXBuildFile; fileRef = BBD9242325510DD90099BCF9 /* CustomButtonStyles.swift */; };
		BBD9242725510EA50099BCF9 /* ThirdView.swift in Sources */ = {isa = PBXBuildFile; fileRef = BBD9242625510EA50099BCF9 /* ThirdView.swift */; };
/* End PBXBuildFile section */

/* Begin PBXFileReference section */
		BB3B3A132551CD440055817A /* AppReviewRequest.swift */ = {isa = PBXFileReference; lastKnownFileType = sourcecode.swift; path = AppReviewRequest.swift; sourceTree = "<group>"; };
		BB9612C42550FC17002D76F5 /* App Review.app */ = {isa = PBXFileReference; explicitFileType = wrapper.application; includeInIndex = 0; path = "App Review.app"; sourceTree = BUILT_PRODUCTS_DIR; };
		BB9612C72550FC17002D76F5 /* App_ReviewApp.swift */ = {isa = PBXFileReference; lastKnownFileType = sourcecode.swift; path = App_ReviewApp.swift; sourceTree = "<group>"; };
		BB9612C92550FC17002D76F5 /* ContentView.swift */ = {isa = PBXFileReference; lastKnownFileType = sourcecode.swift; path = ContentView.swift; sourceTree = "<group>"; };
		BB9612CB2550FC19002D76F5 /* Assets.xcassets */ = {isa = PBXFileReference; lastKnownFileType = folder.assetcatalog; path = Assets.xcassets; sourceTree = "<group>"; };
		BB9612CE2550FC19002D76F5 /* Preview Assets.xcassets */ = {isa = PBXFileReference; lastKnownFileType = folder.assetcatalog; path = "Preview Assets.xcassets"; sourceTree = "<group>"; };
		BB9612D02550FC19002D76F5 /* Info.plist */ = {isa = PBXFileReference; lastKnownFileType = text.plist.xml; path = Info.plist; sourceTree = "<group>"; };
		BB9612D72550FCE6002D76F5 /* SecondView.swift */ = {isa = PBXFileReference; lastKnownFileType = sourcecode.swift; path = SecondView.swift; sourceTree = "<group>"; };
		BBD9242325510DD90099BCF9 /* CustomButtonStyles.swift */ = {isa = PBXFileReference; lastKnownFileType = sourcecode.swift; path = CustomButtonStyles.swift; sourceTree = "<group>"; };
		BBD9242625510EA50099BCF9 /* ThirdView.swift */ = {isa = PBXFileReference; lastKnownFileType = sourcecode.swift; path = ThirdView.swift; sourceTree = "<group>"; };
/* End PBXFileReference section */

/* Begin PBXFrameworksBuildPhase section */
		BB9612C12550FC17002D76F5 /* Frameworks */ = {
			isa = PBXFrameworksBuildPhase;
			buildActionMask = 2147483647;
			files = (
			);
			runOnlyForDeploymentPostprocessing = 0;
		};
/* End PBXFrameworksBuildPhase section */

/* Begin PBXGroup section */
		BB9612BB2550FC17002D76F5 = {
			isa = PBXGroup;
			children = (
				BB9612C62550FC17002D76F5 /* App Review */,
				BB9612C52550FC17002D76F5 /* Products */,
			);
			sourceTree = "<group>";
		};
		BB9612C52550FC17002D76F5 /* Products */ = {
			isa = PBXGroup;
			children = (
				BB9612C42550FC17002D76F5 /* App Review.app */,
			);
			name = Products;
			sourceTree = "<group>";
		};
		BB9612C62550FC17002D76F5 /* App Review */ = {
			isa = PBXGroup;
			children = (
				BB9612C72550FC17002D76F5 /* App_ReviewApp.swift */,
				BB9612C92550FC17002D76F5 /* ContentView.swift */,
				BBD9242325510DD90099BCF9 /* CustomButtonStyles.swift */,
				BB9612D72550FCE6002D76F5 /* SecondView.swift */,
				BBD9242625510EA50099BCF9 /* ThirdView.swift */,
				BB3B3A132551CD440055817A /* AppReviewRequest.swift */,
				BB9612CB2550FC19002D76F5 /* Assets.xcassets */,
				BB9612D02550FC19002D76F5 /* Info.plist */,
				BB9612CD2550FC19002D76F5 /* Preview Content */,
			);
			path = "App Review";
			sourceTree = "<group>";
		};
		BB9612CD2550FC19002D76F5 /* Preview Content */ = {
			isa = PBXGroup;
			children = (
				BB9612CE2550FC19002D76F5 /* Preview Assets.xcassets */,
			);
			path = "Preview Content";
			sourceTree = "<group>";
		};
/* End PBXGroup section */

/* Begin PBXNativeTarget section */
		BB9612C32550FC17002D76F5 /* App Review */ = {
			isa = PBXNativeTarget;
			buildConfigurationList = BB9612D32550FC19002D76F5 /* Build configuration list for PBXNativeTarget "App Review" */;
			buildPhases = (
				BB9612C02550FC17002D76F5 /* Sources */,
				BB9612C12550FC17002D76F5 /* Frameworks */,
				BB9612C22550FC17002D76F5 /* Resources */,
			);
			buildRules = (
			);
			dependencies = (
			);
			name = "App Review";
			productName = "App Review";
			productReference = BB9612C42550FC17002D76F5 /* App Review.app */;
			productType = "com.apple.product-type.application";
		};
/* End PBXNativeTarget section */

/* Begin PBXProject section */
		BB9612BC2550FC17002D76F5 /* Project object */ = {
			isa = PBXProject;
			attributes = {
				LastSwiftUpdateCheck = 1210;
				LastUpgradeCheck = 1210;
				TargetAttributes = {
					BB9612C32550FC17002D76F5 = {
						CreatedOnToolsVersion = 12.1;
					};
				};
			};
			buildConfigurationList = BB9612BF2550FC17002D76F5 /* Build configuration list for PBXProject "App Review" */;
			compatibilityVersion = "Xcode 9.3";
			developmentRegion = en;
			hasScannedForEncodings = 0;
			knownRegions = (
				en,
				Base,
			);
			mainGroup = BB9612BB2550FC17002D76F5;
			productRefGroup = BB9612C52550FC17002D76F5 /* Products */;
			projectDirPath = "";
			projectRoot = "";
			targets = (
				BB9612C32550FC17002D76F5 /* App Review */,
			);
		};
/* End PBXProject section */

/* Begin PBXResourcesBuildPhase section */
		BB9612C22550FC17002D76F5 /* Resources */ = {
			isa = PBXResourcesBuildPhase;
			buildActionMask = 2147483647;
			files = (
				BB9612CF2550FC19002D76F5 /* Preview Assets.xcassets in Resources */,
				BB9612CC2550FC19002D76F5 /* Assets.xcassets in Resources */,
			);
			runOnlyForDeploymentPostprocessing = 0;
		};
/* End PBXResourcesBuildPhase section */

/* Begin PBXSourcesBuildPhase section */
		BB9612C02550FC17002D76F5 /* Sources */ = {
			isa = PBXSourcesBuildPhase;
			buildActionMask = 2147483647;
			files = (
				BB9612D82550FCE6002D76F5 /* SecondView.swift in Sources */,
				BBD9242725510EA50099BCF9 /* ThirdView.swift in Sources */,
				BB9612CA2550FC17002D76F5 /* ContentView.swift in Sources */,
				BB3B3A142551CD440055817A /* AppReviewRequest.swift in Sources */,
				BBD9242425510DD90099BCF9 /* CustomButtonStyles.swift in Sources */,
				BB9612C82550FC17002D76F5 /* App_ReviewApp.swift in Sources */,
			);
			runOnlyForDeploymentPostprocessing = 0;
		};
/* End PBXSourcesBuildPhase section */

/* Begin XCBuildConfiguration section */
		BB9612D12550FC19002D76F5 /* Debug */ = {
			isa = XCBuildConfiguration;
			buildSettings = {
				ALWAYS_SEARCH_USER_PATHS = NO;
				CLANG_ANALYZER_NONNULL = YES;
				CLANG_ANALYZER_NUMBER_OBJECT_CONVERSION = YES_AGGRESSIVE;
				CLANG_CXX_LANGUAGE_STANDARD = "gnu++14";
				CLANG_CXX_LIBRARY = "libc++";
				CLANG_ENABLE_MODULES = YES;
				CLANG_ENABLE_OBJC_ARC = YES;
				CLANG_ENABLE_OBJC_WEAK = YES;
				CLANG_WARN_BLOCK_CAPTURE_AUTORELEASING = YES;
				CLANG_WARN_BOOL_CONVERSION = YES;
				CLANG_WARN_COMMA = YES;
				CLANG_WARN_CONSTANT_CONVERSION = YES;
				CLANG_WARN_DEPRECATED_OBJC_IMPLEMENTATIONS = YES;
				CLANG_WARN_DIRECT_OBJC_ISA_USAGE = YES_ERROR;
				CLANG_WARN_DOCUMENTATION_COMMENTS = YES;
				CLANG_WARN_EMPTY_BODY = YES;
				CLANG_WARN_ENUM_CONVERSION = YES;
				CLANG_WARN_INFINITE_RECURSION = YES;
				CLANG_WARN_INT_CONVERSION = YES;
				CLANG_WARN_NON_LITERAL_NULL_CONVERSION = YES;
				CLANG_WARN_OBJC_IMPLICIT_RETAIN_SELF = YES;
				CLANG_WARN_OBJC_LITERAL_CONVERSION = YES;
				CLANG_WARN_OBJC_ROOT_CLASS = YES_ERROR;
				CLANG_WARN_QUOTED_INCLUDE_IN_FRAMEWORK_HEADER = YES;
				CLANG_WARN_RANGE_LOOP_ANALYSIS = YES;
				CLANG_WARN_STRICT_PROTOTYPES = YES;
				CLANG_WARN_SUSPICIOUS_MOVE = YES;
				CLANG_WARN_UNGUARDED_AVAILABILITY = YES_AGGRESSIVE;
				CLANG_WARN_UNREACHABLE_CODE = YES;
				CLANG_WARN__DUPLICATE_METHOD_MATCH = YES;
				COPY_PHASE_STRIP = NO;
				DEBUG_INFORMATION_FORMAT = dwarf;
				ENABLE_STRICT_OBJC_MSGSEND = YES;
				ENABLE_TESTABILITY = YES;
				GCC_C_LANGUAGE_STANDARD = gnu11;
				GCC_DYNAMIC_NO_PIC = NO;
				GCC_NO_COMMON_BLOCKS = YES;
				GCC_OPTIMIZATION_LEVEL = 0;
				GCC_PREPROCESSOR_DEFINITIONS = (
					"DEBUG=1",
					"$(inherited)",
				);
				GCC_WARN_64_TO_32_BIT_CONVERSION = YES;
				GCC_WARN_ABOUT_RETURN_TYPE = YES_ERROR;
				GCC_WARN_UNDECLARED_SELECTOR = YES;
				GCC_WARN_UNINITIALIZED_AUTOS = YES_AGGRESSIVE;
				GCC_WARN_UNUSED_FUNCTION = YES;
				GCC_WARN_UNUSED_VARIABLE = YES;
				IPHONEOS_DEPLOYMENT_TARGET = 14.1;
				MTL_ENABLE_DEBUG_INFO = INCLUDE_SOURCE;
				MTL_FAST_MATH = YES;
				ONLY_ACTIVE_ARCH = YES;
				SDKROOT = iphoneos;
				SWIFT_ACTIVE_COMPILATION_CONDITIONS = DEBUG;
				SWIFT_OPTIMIZATION_LEVEL = "-Onone";
			};
			name = Debug;
		};
		BB9612D22550FC19002D76F5 /* Release */ = {
			isa = XCBuildConfiguration;
			buildSettings = {
				ALWAYS_SEARCH_USER_PATHS = NO;
				CLANG_ANALYZER_NONNULL = YES;
				CLANG_ANALYZER_NUMBER_OBJECT_CONVERSION = YES_AGGRESSIVE;
				CLANG_CXX_LANGUAGE_STANDARD = "gnu++14";
				CLANG_CXX_LIBRARY = "libc++";
				CLANG_ENABLE_MODULES = YES;
				CLANG_ENABLE_OBJC_ARC = YES;
				CLANG_ENABLE_OBJC_WEAK = YES;
				CLANG_WARN_BLOCK_CAPTURE_AUTORELEASING = YES;
				CLANG_WARN_BOOL_CONVERSION = YES;
				CLANG_WARN_COMMA = YES;
				CLANG_WARN_CONSTANT_CONVERSION = YES;
				CLANG_WARN_DEPRECATED_OBJC_IMPLEMENTATIONS = YES;
				CLANG_WARN_DIRECT_OBJC_ISA_USAGE = YES_ERROR;
				CLANG_WARN_DOCUMENTATION_COMMENTS = YES;
				CLANG_WARN_EMPTY_BODY = YES;
				CLANG_WARN_ENUM_CONVERSION = YES;
				CLANG_WARN_INFINITE_RECURSION = YES;
				CLANG_WARN_INT_CONVERSION = YES;
				CLANG_WARN_NON_LITERAL_NULL_CONVERSION = YES;
				CLANG_WARN_OBJC_IMPLICIT_RETAIN_SELF = YES;
				CLANG_WARN_OBJC_LITERAL_CONVERSION = YES;
				CLANG_WARN_OBJC_ROOT_CLASS = YES_ERROR;
				CLANG_WARN_QUOTED_INCLUDE_IN_FRAMEWORK_HEADER = YES;
				CLANG_WARN_RANGE_LOOP_ANALYSIS = YES;
				CLANG_WARN_STRICT_PROTOTYPES = YES;
				CLANG_WARN_SUSPICIOUS_MOVE = YES;
				CLANG_WARN_UNGUARDED_AVAILABILITY = YES_AGGRESSIVE;
				CLANG_WARN_UNREACHABLE_CODE = YES;
				CLANG_WARN__DUPLICATE_METHOD_MATCH = YES;
				COPY_PHASE_STRIP = NO;
				DEBUG_INFORMATION_FORMAT = "dwarf-with-dsym";
				ENABLE_NS_ASSERTIONS = NO;
				ENABLE_STRICT_OBJC_MSGSEND = YES;
				GCC_C_LANGUAGE_STANDARD = gnu11;
				GCC_NO_COMMON_BLOCKS = YES;
				GCC_WARN_64_TO_32_BIT_CONVERSION = YES;
				GCC_WARN_ABOUT_RETURN_TYPE = YES_ERROR;
				GCC_WARN_UNDECLARED_SELECTOR = YES;
				GCC_WARN_UNINITIALIZED_AUTOS = YES_AGGRESSIVE;
				GCC_WARN_UNUSED_FUNCTION = YES;
				GCC_WARN_UNUSED_VARIABLE = YES;
				IPHONEOS_DEPLOYMENT_TARGET = 14.1;
				MTL_ENABLE_DEBUG_INFO = NO;
				MTL_FAST_MATH = YES;
				SDKROOT = iphoneos;
				SWIFT_COMPILATION_MODE = wholemodule;
				SWIFT_OPTIMIZATION_LEVEL = "-O";
				VALIDATE_PRODUCT = YES;
			};
			name = Release;
		};
		BB9612D42550FC19002D76F5 /* Debug */ = {
			isa = XCBuildConfiguration;
			buildSettings = {
				ASSETCATALOG_COMPILER_APPICON_NAME = AppIcon;
				ASSETCATALOG_COMPILER_GLOBAL_ACCENT_COLOR_NAME = AccentColor;
				CODE_SIGN_STYLE = Automatic;
				CURRENT_PROJECT_VERSION = 1;
				DEVELOPMENT_ASSET_PATHS = "\"App Review/Preview Content\"";
				DEVELOPMENT_TEAM = RKV4UP49S6;
				ENABLE_PREVIEWS = YES;
				INFOPLIST_FILE = "App Review/Info.plist";
				IPHONEOS_DEPLOYMENT_TARGET = 14.0;
				LD_RUNPATH_SEARCH_PATHS = (
					"$(inherited)",
					"@executable_path/Frameworks",
				);
				PRODUCT_BUNDLE_IDENTIFIER = "com.createchsol.App-Review";
				PRODUCT_NAME = "$(TARGET_NAME)";
				SWIFT_VERSION = 5.0;
				TARGETED_DEVICE_FAMILY = "1,2";
			};
			name = Debug;
		};
		BB9612D52550FC19002D76F5 /* Release */ = {
			isa = XCBuildConfiguration;
			buildSettings = {
				ASSETCATALOG_COMPILER_APPICON_NAME = AppIcon;
				ASSETCATALOG_COMPILER_GLOBAL_ACCENT_COLOR_NAME = AccentColor;
				CODE_SIGN_STYLE = Automatic;
				CURRENT_PROJECT_VERSION = 1;
				DEVELOPMENT_ASSET_PATHS = "\"App Review/Preview Content\"";
				DEVELOPMENT_TEAM = RKV4UP49S6;
				ENABLE_PREVIEWS = YES;
				INFOPLIST_FILE = "App Review/Info.plist";
				IPHONEOS_DEPLOYMENT_TARGET = 14.0;
				LD_RUNPATH_SEARCH_PATHS = (
					"$(inherited)",
					"@executable_path/Frameworks",
				);
				PRODUCT_BUNDLE_IDENTIFIER = "com.createchsol.App-Review";
				PRODUCT_NAME = "$(TARGET_NAME)";
				SWIFT_VERSION = 5.0;
				TARGETED_DEVICE_FAMILY = "1,2";
			};
			name = Release;
		};
/* End XCBuildConfiguration section */

/* Begin XCConfigurationList section */
		BB9612BF2550FC17002D76F5 /* Build configuration list for PBXProject "App Review" */ = {
			isa = XCConfigurationList;
			buildConfigurations = (
				BB9612D12550FC19002D76F5 /* Debug */,
				BB9612D22550FC19002D76F5 /* Release */,
			);
			defaultConfigurationIsVisible = 0;
			defaultConfigurationName = Release;
		};
		BB9612D32550FC19002D76F5 /* Build configuration list for PBXNativeTarget "App Review" */ = {
			isa = XCConfigurationList;
			buildConfigurations = (
				BB9612D42550FC19002D76F5 /* Debug */,
				BB9612D52550FC19002D76F5 /* Release */,
			);
			defaultConfigurationIsVisible = 0;
			defaultConfigurationName = Release;
		};
/* End XCConfigurationList section */
	};
	rootObject = BB9612BC2550FC17002D76F5 /* Project object */;
}
